
Microsoft Visual Studio Solution File, Format Version 12.00
# Visual Studio Version 17
VisualStudioVersion = 17.7.34202.233
MinimumVisualStudioVersion = 10.0.40219.1
Project("{9A19103F-16F7-4668-BE54-9A1E7A4F7556}") = "SocialNetworking", "SocialNetworking.csproj", "{AAEA924D-60AD-481E-9C63-2A8B65F45B29}"
EndProject
Project("{9A19103F-16F7-4668-BE54-9A1E7A4F7556}") = "Client", "..\Clien\Client.csproj", "{428D058C-6746-4C82-B654-E323E1940716}"
EndProject
Global
	GlobalSection(SolutionConfigurationPlatforms) = preSolution
		Debug|Any CPU = Debug|Any CPU
		Release|Any CPU = Release|Any CPU
	EndGlobalSection
	GlobalSection(ProjectConfigurationPlatforms) = postSolution
		{AAEA924D-60AD-481E-9C63-2A8B65F45B29}.Debug|Any CPU.ActiveCfg = Debug|Any CPU
		{AAEA924D-60AD-481E-9C63-2A8B65F45B29}.Debug|Any CPU.Build.0 = Debug|Any CPU
		{AAEA924D-60AD-481E-9C63-2A8B65F45B29}.Release|Any CPU.ActiveCfg = Release|Any CPU
		{AAEA924D-60AD-481E-9C63-2A8B65F45B29}.Release|Any CPU.Build.0 = Release|Any CPU
		{428D058C-6746-4C82-B654-E323E1940716}.Debug|Any CPU.ActiveCfg = Debug|Any CPU
		{428D058C-6746-4C82-B654-E323E1940716}.Debug|Any CPU.Build.0 = Debug|Any CPU
		{428D058C-6746-4C82-B654-E323E1940716}.Release|Any CPU.ActiveCfg = Release|Any CPU
		{428D058C-6746-4C82-B654-E323E1940716}.Release|Any CPU.Build.0 = Release|Any CPU
	EndGlobalSection
	GlobalSection(SolutionProperties) = preSolution
		HideSolutionNode = FALSE
	EndGlobalSection
	GlobalSection(ExtensibilityGlobals) = postSolution
		SolutionGuid = {38094C2D-A536-4CA6-9349-C312B458D2A5}
	EndGlobalSection
EndGlobal
